
Microsoft Visual Studio Solution File, Format Version 12.00
# Visual Studio Version 17
VisualStudioVersion = 17.5.33414.496
MinimumVisualStudioVersion = 10.0.40219.1
Project("{FAE04EC0-301F-11D3-BF4B-00C04F79EFBC}") = "TextSplitterApp", "TextSplitterApp\TextSplitterApp.csproj", "{EAC2DB42-18AD-40E5-9518-3479F64AE931}"
EndProject
Global
	GlobalSection(SolutionConfigurationPlatforms) = preSolution
		Debug|Any CPU = Debug|Any CPU
		Release|Any CPU = Release|Any CPU
	EndGlobalSection
	GlobalSection(ProjectConfigurationPlatforms) = postSolution
		{EAC2DB42-18AD-40E5-9518-3479F64AE931}.Debug|Any CPU.ActiveCfg = Debug|Any CPU
		{EAC2DB42-18AD-40E5-9518-3479F64AE931}.Debug|Any CPU.Build.0 = Debug|Any CPU
		{EAC2DB42-18AD-40E5-9518-3479F64AE931}.Release|Any CPU.ActiveCfg = Release|Any CPU
		{EAC2DB42-18AD-40E5-9518-3479F64AE931}.Release|Any CPU.Build.0 = Release|Any CPU
	EndGlobalSection
	GlobalSection(SolutionProperties) = preSolution
		HideSolutionNode = FALSE
	EndGlobalSection
	GlobalSection(ExtensibilityGlobals) = postSolution
		SolutionGuid = {BD04D533-C1C1-440E-9F71-B502CC2D955B}
	EndGlobalSection
EndGlobal
