
Microsoft Visual Studio Solution File, Format Version 12.00
# Visual Studio Version 17
VisualStudioVersion = 17.2.32526.322
MinimumVisualStudioVersion = 10.0.40219.1
Project("{9A19103F-16F7-4668-BE54-9A1E7A4F7556}") = "02.VillainNames", "02.VillainNames\02.VillainNames.csproj", "{0310CB4B-A8FF-4C2B-A329-39713CF9FE5E}"
EndProject
Project("{FAE04EC0-301F-11D3-BF4B-00C04F79EFBC}") = "03.MinionNames", "..\03.MinionNames\03.MinionNames\03.MinionNames.csproj", "{B9A2743C-875A-4AD6-BAAE-8E0287A6A698}"
EndProject
Global
	GlobalSection(SolutionConfigurationPlatforms) = preSolution
		Debug|Any CPU = Debug|Any CPU
		Release|Any CPU = Release|Any CPU
	EndGlobalSection
	GlobalSection(ProjectConfigurationPlatforms) = postSolution
		{0310CB4B-A8FF-4C2B-A329-39713CF9FE5E}.Debug|Any CPU.ActiveCfg = Debug|Any CPU
		{0310CB4B-A8FF-4C2B-A329-39713CF9FE5E}.Debug|Any CPU.Build.0 = Debug|Any CPU
		{0310CB4B-A8FF-4C2B-A329-39713CF9FE5E}.Release|Any CPU.ActiveCfg = Release|Any CPU
		{0310CB4B-A8FF-4C2B-A329-39713CF9FE5E}.Release|Any CPU.Build.0 = Release|Any CPU
		{B9A2743C-875A-4AD6-BAAE-8E0287A6A698}.Debug|Any CPU.ActiveCfg = Debug|Any CPU
		{B9A2743C-875A-4AD6-BAAE-8E0287A6A698}.Debug|Any CPU.Build.0 = Debug|Any CPU
		{B9A2743C-875A-4AD6-BAAE-8E0287A6A698}.Release|Any CPU.ActiveCfg = Release|Any CPU
		{B9A2743C-875A-4AD6-BAAE-8E0287A6A698}.Release|Any CPU.Build.0 = Release|Any CPU
	EndGlobalSection
	GlobalSection(SolutionProperties) = preSolution
		HideSolutionNode = FALSE
	EndGlobalSection
	GlobalSection(ExtensibilityGlobals) = postSolution
		SolutionGuid = {94C181E7-8B4F-4B1C-A268-843F433C8E7E}
	EndGlobalSection
EndGlobal
