
Microsoft Visual Studio Solution File, Format Version 12.00
# Visual Studio Version 17
VisualStudioVersion = 17.5.33414.496
MinimumVisualStudioVersion = 10.0.40219.1
Project("{FAE04EC0-301F-11D3-BF4B-00C04F79EFBC}") = "04.EmployeeswithSalaryOver50000", "04.EmployeeswithSalaryOver50000\04.EmployeeswithSalaryOver50000.csproj", "{B808FECB-CA05-4000-9F96-0E1ADDE08528}"
EndProject
Global
	GlobalSection(SolutionConfigurationPlatforms) = preSolution
		Debug|Any CPU = Debug|Any CPU
		Release|Any CPU = Release|Any CPU
	EndGlobalSection
	GlobalSection(ProjectConfigurationPlatforms) = postSolution
		{B808FECB-CA05-4000-9F96-0E1ADDE08528}.Debug|Any CPU.ActiveCfg = Debug|Any CPU
		{B808FECB-CA05-4000-9F96-0E1ADDE08528}.Debug|Any CPU.Build.0 = Debug|Any CPU
		{B808FECB-CA05-4000-9F96-0E1ADDE08528}.Release|Any CPU.ActiveCfg = Release|Any CPU
		{B808FECB-CA05-4000-9F96-0E1ADDE08528}.Release|Any CPU.Build.0 = Release|Any CPU
	EndGlobalSection
	GlobalSection(SolutionProperties) = preSolution
		HideSolutionNode = FALSE
	EndGlobalSection
	GlobalSection(ExtensibilityGlobals) = postSolution
		SolutionGuid = {3D574EA1-D2A9-401D-AFE1-A19C09C7C19F}
	EndGlobalSection
EndGlobal
