
Microsoft Visual Studio Solution File, Format Version 12.00
# Visual Studio Version 17
VisualStudioVersion = 17.5.33414.496
MinimumVisualStudioVersion = 10.0.40219.1
Project("{FAE04EC0-301F-11D3-BF4B-00C04F79EFBC}") = "09.Employee147", "09.Employee147\09.Employee147.csproj", "{51EC2391-BFFB-442F-9AA4-1985B19A8411}"
EndProject
Global
	GlobalSection(SolutionConfigurationPlatforms) = preSolution
		Debug|Any CPU = Debug|Any CPU
		Release|Any CPU = Release|Any CPU
	EndGlobalSection
	GlobalSection(ProjectConfigurationPlatforms) = postSolution
		{51EC2391-BFFB-442F-9AA4-1985B19A8411}.Debug|Any CPU.ActiveCfg = Debug|Any CPU
		{51EC2391-BFFB-442F-9AA4-1985B19A8411}.Debug|Any CPU.Build.0 = Debug|Any CPU
		{51EC2391-BFFB-442F-9AA4-1985B19A8411}.Release|Any CPU.ActiveCfg = Release|Any CPU
		{51EC2391-BFFB-442F-9AA4-1985B19A8411}.Release|Any CPU.Build.0 = Release|Any CPU
	EndGlobalSection
	GlobalSection(SolutionProperties) = preSolution
		HideSolutionNode = FALSE
	EndGlobalSection
	GlobalSection(ExtensibilityGlobals) = postSolution
		SolutionGuid = {C69BB6F2-8B7D-40AE-AE2A-7783C221F4B2}
	EndGlobalSection
EndGlobal
