
Microsoft Visual Studio Solution File, Format Version 12.00
# Visual Studio Version 17
VisualStudioVersion = 17.5.33414.496
MinimumVisualStudioVersion = 10.0.40219.1
Project("{FAE04EC0-301F-11D3-BF4B-00C04F79EFBC}") = "03.EmployeesFullInformation", "03.EmployeesFullInformation\03.EmployeesFullInformation.csproj", "{FEF81EBA-C980-47E8-A62B-293CEC8BBC40}"
EndProject
Global
	GlobalSection(SolutionConfigurationPlatforms) = preSolution
		Debug|Any CPU = Debug|Any CPU
		Release|Any CPU = Release|Any CPU
	EndGlobalSection
	GlobalSection(ProjectConfigurationPlatforms) = postSolution
		{FEF81EBA-C980-47E8-A62B-293CEC8BBC40}.Debug|Any CPU.ActiveCfg = Debug|Any CPU
		{FEF81EBA-C980-47E8-A62B-293CEC8BBC40}.Debug|Any CPU.Build.0 = Debug|Any CPU
		{FEF81EBA-C980-47E8-A62B-293CEC8BBC40}.Release|Any CPU.ActiveCfg = Release|Any CPU
		{FEF81EBA-C980-47E8-A62B-293CEC8BBC40}.Release|Any CPU.Build.0 = Release|Any CPU
	EndGlobalSection
	GlobalSection(SolutionProperties) = preSolution
		HideSolutionNode = FALSE
	EndGlobalSection
	GlobalSection(ExtensibilityGlobals) = postSolution
		SolutionGuid = {5D53DD52-4818-4955-AD3E-D6E668BEA9C7}
	EndGlobalSection
EndGlobal
