
Microsoft Visual Studio Solution File, Format Version 12.00
# Visual Studio Version 17
VisualStudioVersion = 17.5.33414.496
MinimumVisualStudioVersion = 10.0.40219.1
Project("{FAE04EC0-301F-11D3-BF4B-00C04F79EFBC}") = "Exercise", "Exercise\Exercise.csproj", "{4CCBC906-10EA-44C6-9322-ACCE08E5A8D8}"
EndProject
Global
	GlobalSection(SolutionConfigurationPlatforms) = preSolution
		Debug|Any CPU = Debug|Any CPU
		Release|Any CPU = Release|Any CPU
	EndGlobalSection
	GlobalSection(ProjectConfigurationPlatforms) = postSolution
		{4CCBC906-10EA-44C6-9322-ACCE08E5A8D8}.Debug|Any CPU.ActiveCfg = Debug|Any CPU
		{4CCBC906-10EA-44C6-9322-ACCE08E5A8D8}.Debug|Any CPU.Build.0 = Debug|Any CPU
		{4CCBC906-10EA-44C6-9322-ACCE08E5A8D8}.Release|Any CPU.ActiveCfg = Release|Any CPU
		{4CCBC906-10EA-44C6-9322-ACCE08E5A8D8}.Release|Any CPU.Build.0 = Release|Any CPU
	EndGlobalSection
	GlobalSection(SolutionProperties) = preSolution
		HideSolutionNode = FALSE
	EndGlobalSection
	GlobalSection(ExtensibilityGlobals) = postSolution
		SolutionGuid = {79703F68-9044-4483-9D1D-528114C11B6F}
	EndGlobalSection
EndGlobal
